
Microsoft Visual Studio Solution File, Format Version 12.00
# Visual Studio Version 17
VisualStudioVersion = 17.0.31912.275
MinimumVisualStudioVersion = 10.0.40219.1
Project("{FAE04EC0-301F-11D3-BF4B-00C04F79EFBC}") = "MESharpCLI", "MESharpCLI\MESharpCLI.csproj", "{11FED3B9-6F3E-4678-A038-DA1604B90E77}"
EndProject
Project("{FAE04EC0-301F-11D3-BF4B-00C04F79EFBC}") = "MESharpWinForm", "MESharpWinForm\MESharpWinForm.csproj", "{4F5D7B12-40C4-4C92-AE31-A8F24D72C443}"
EndProject
Project("{FAE04EC0-301F-11D3-BF4B-00C04F79EFBC}") = "MESharpWPF", "MESharpWPF\MESharpWPF.csproj", "{17A8AFC4-ECBB-4DB6-AB7F-8269BD11FCE1}"
EndProject
Global
	GlobalSection(SolutionConfigurationPlatforms) = preSolution
		Debug|Any CPU = Debug|Any CPU
		Release|Any CPU = Release|Any CPU
	EndGlobalSection
	GlobalSection(ProjectConfigurationPlatforms) = postSolution
		{11FED3B9-6F3E-4678-A038-DA1604B90E77}.Debug|Any CPU.ActiveCfg = Debug|Any CPU
		{11FED3B9-6F3E-4678-A038-DA1604B90E77}.Debug|Any CPU.Build.0 = Debug|Any CPU
		{11FED3B9-6F3E-4678-A038-DA1604B90E77}.Release|Any CPU.ActiveCfg = Release|Any CPU
		{11FED3B9-6F3E-4678-A038-DA1604B90E77}.Release|Any CPU.Build.0 = Release|Any CPU
		{4F5D7B12-40C4-4C92-AE31-A8F24D72C443}.Debug|Any CPU.ActiveCfg = Debug|Any CPU
		{4F5D7B12-40C4-4C92-AE31-A8F24D72C443}.Debug|Any CPU.Build.0 = Debug|Any CPU
		{4F5D7B12-40C4-4C92-AE31-A8F24D72C443}.Release|Any CPU.ActiveCfg = Release|Any CPU
		{4F5D7B12-40C4-4C92-AE31-A8F24D72C443}.Release|Any CPU.Build.0 = Release|Any CPU
		{17A8AFC4-ECBB-4DB6-AB7F-8269BD11FCE1}.Debug|Any CPU.ActiveCfg = Debug|Any CPU
		{17A8AFC4-ECBB-4DB6-AB7F-8269BD11FCE1}.Debug|Any CPU.Build.0 = Debug|Any CPU
		{17A8AFC4-ECBB-4DB6-AB7F-8269BD11FCE1}.Release|Any CPU.ActiveCfg = Release|Any CPU
		{17A8AFC4-ECBB-4DB6-AB7F-8269BD11FCE1}.Release|Any CPU.Build.0 = Release|Any CPU
	EndGlobalSection
	GlobalSection(SolutionProperties) = preSolution
		HideSolutionNode = FALSE
	EndGlobalSection
	GlobalSection(ExtensibilityGlobals) = postSolution
		SolutionGuid = {F978A3EE-457D-4D4D-8CA7-8434B15610B2}
	EndGlobalSection
EndGlobal
